
Microsoft Visual Studio Solution File, Format Version 12.00
# Visual Studio 15
VisualStudioVersion = 15.0.28307.705
MinimumVisualStudioVersion = 10.0.40219.1
Project("{FAE04EC0-301F-11D3-BF4B-00C04F79EFBC}") = "ArtPlantMallChallenge.Android", "ArtPlantMallChallenge\ArtPlantMallChallenge.Android\ArtPlantMallChallenge.Android.csproj", "{4072E143-F251-41C6-9FE1-E105E68962CF}"
EndProject
Project("{FAE04EC0-301F-11D3-BF4B-00C04F79EFBC}") = "ArtPlantMallChallenge.iOS", "ArtPlantMallChallenge\ArtPlantMallChallenge.iOS\ArtPlantMallChallenge.iOS.csproj", "{537C4A5E-FE33-44D2-B4A4-19EC25E902CE}"
EndProject
Project("{FAE04EC0-301F-11D3-BF4B-00C04F79EFBC}") = "ArtPlantMallChallenge", "ArtPlantMallChallenge\ArtPlantMallChallenge\ArtPlantMallChallenge.csproj", "{08CDE9FA-EA00-4041-886B-AD9FDB6E45A1}"
EndProject
Global
	GlobalSection(SolutionConfigurationPlatforms) = preSolution
		Ad-Hoc|Any CPU = Ad-Hoc|Any CPU
		Ad-Hoc|iPhone = Ad-Hoc|iPhone
		Ad-Hoc|iPhoneSimulator = Ad-Hoc|iPhoneSimulator
		AppStore|Any CPU = AppStore|Any CPU
		AppStore|iPhone = AppStore|iPhone
		AppStore|iPhoneSimulator = AppStore|iPhoneSimulator
		Debug|Any CPU = Debug|Any CPU
		Debug|iPhone = Debug|iPhone
		Debug|iPhoneSimulator = Debug|iPhoneSimulator
		Release|Any CPU = Release|Any CPU
		Release|iPhone = Release|iPhone
		Release|iPhoneSimulator = Release|iPhoneSimulator
	EndGlobalSection
	GlobalSection(ProjectConfigurationPlatforms) = postSolution
		{4072E143-F251-41C6-9FE1-E105E68962CF}.Ad-Hoc|Any CPU.ActiveCfg = Release|Any CPU
		{4072E143-F251-41C6-9FE1-E105E68962CF}.Ad-Hoc|Any CPU.Build.0 = Release|Any CPU
		{4072E143-F251-41C6-9FE1-E105E68962CF}.Ad-Hoc|Any CPU.Deploy.0 = Release|Any CPU
		{4072E143-F251-41C6-9FE1-E105E68962CF}.Ad-Hoc|iPhone.ActiveCfg = Release|Any CPU
		{4072E143-F251-41C6-9FE1-E105E68962CF}.Ad-Hoc|iPhone.Build.0 = Release|Any CPU
		{4072E143-F251-41C6-9FE1-E105E68962CF}.Ad-Hoc|iPhone.Deploy.0 = Release|Any CPU
		{4072E143-F251-41C6-9FE1-E105E68962CF}.Ad-Hoc|iPhoneSimulator.ActiveCfg = Release|Any CPU
		{4072E143-F251-41C6-9FE1-E105E68962CF}.Ad-Hoc|iPhoneSimulator.Build.0 = Release|Any CPU
		{4072E143-F251-41C6-9FE1-E105E68962CF}.Ad-Hoc|iPhoneSimulator.Deploy.0 = Release|Any CPU
		{4072E143-F251-41C6-9FE1-E105E68962CF}.AppStore|Any CPU.ActiveCfg = Release|Any CPU
		{4072E143-F251-41C6-9FE1-E105E68962CF}.AppStore|Any CPU.Build.0 = Release|Any CPU
		{4072E143-F251-41C6-9FE1-E105E68962CF}.AppStore|Any CPU.Deploy.0 = Release|Any CPU
		{4072E143-F251-41C6-9FE1-E105E68962CF}.AppStore|iPhone.ActiveCfg = Release|Any CPU
		{4072E143-F251-41C6-9FE1-E105E68962CF}.AppStore|iPhone.Build.0 = Release|Any CPU
		{4072E143-F251-41C6-9FE1-E105E68962CF}.AppStore|iPhone.Deploy.0 = Release|Any CPU
		{4072E143-F251-41C6-9FE1-E105E68962CF}.AppStore|iPhoneSimulator.ActiveCfg = Release|Any CPU
		{4072E143-F251-41C6-9FE1-E105E68962CF}.AppStore|iPhoneSimulator.Build.0 = Release|Any CPU
		{4072E143-F251-41C6-9FE1-E105E68962CF}.AppStore|iPhoneSimulator.Deploy.0 = Release|Any CPU
		{4072E143-F251-41C6-9FE1-E105E68962CF}.Debug|Any CPU.ActiveCfg = Debug|Any CPU
		{4072E143-F251-41C6-9FE1-E105E68962CF}.Debug|Any CPU.Build.0 = Debug|Any CPU
		{4072E143-F251-41C6-9FE1-E105E68962CF}.Debug|Any CPU.Deploy.0 = Debug|Any CPU
		{4072E143-F251-41C6-9FE1-E105E68962CF}.Debug|iPhone.ActiveCfg = Debug|Any CPU
		{4072E143-F251-41C6-9FE1-E105E68962CF}.Debug|iPhone.Build.0 = Debug|Any CPU
		{4072E143-F251-41C6-9FE1-E105E68962CF}.Debug|iPhone.Deploy.0 = Debug|Any CPU
		{4072E143-F251-41C6-9FE1-E105E68962CF}.Debug|iPhoneSimulator.ActiveCfg = Debug|Any CPU
		{4072E143-F251-41C6-9FE1-E105E68962CF}.Debug|iPhoneSimulator.Build.0 = Debug|Any CPU
		{4072E143-F251-41C6-9FE1-E105E68962CF}.Debug|iPhoneSimulator.Deploy.0 = Debug|Any CPU
		{4072E143-F251-41C6-9FE1-E105E68962CF}.Release|Any CPU.ActiveCfg = Release|Any CPU
		{4072E143-F251-41C6-9FE1-E105E68962CF}.Release|Any CPU.Build.0 = Release|Any CPU
		{4072E143-F251-41C6-9FE1-E105E68962CF}.Release|Any CPU.Deploy.0 = Release|Any CPU
		{4072E143-F251-41C6-9FE1-E105E68962CF}.Release|iPhone.ActiveCfg = Release|Any CPU
		{4072E143-F251-41C6-9FE1-E105E68962CF}.Release|iPhone.Build.0 = Release|Any CPU
		{4072E143-F251-41C6-9FE1-E105E68962CF}.Release|iPhone.Deploy.0 = Release|Any CPU
		{4072E143-F251-41C6-9FE1-E105E68962CF}.Release|iPhoneSimulator.ActiveCfg = Release|Any CPU
		{4072E143-F251-41C6-9FE1-E105E68962CF}.Release|iPhoneSimulator.Build.0 = Release|Any CPU
		{4072E143-F251-41C6-9FE1-E105E68962CF}.Release|iPhoneSimulator.Deploy.0 = Release|Any CPU
		{537C4A5E-FE33-44D2-B4A4-19EC25E902CE}.Ad-Hoc|Any CPU.ActiveCfg = Ad-Hoc|iPhone
		{537C4A5E-FE33-44D2-B4A4-19EC25E902CE}.Ad-Hoc|Any CPU.Build.0 = Ad-Hoc|iPhone
		{537C4A5E-FE33-44D2-B4A4-19EC25E902CE}.Ad-Hoc|Any CPU.Deploy.0 = Ad-Hoc|iPhone
		{537C4A5E-FE33-44D2-B4A4-19EC25E902CE}.Ad-Hoc|iPhone.ActiveCfg = Ad-Hoc|iPhone
		{537C4A5E-FE33-44D2-B4A4-19EC25E902CE}.Ad-Hoc|iPhone.Build.0 = Ad-Hoc|iPhone
		{537C4A5E-FE33-44D2-B4A4-19EC25E902CE}.Ad-Hoc|iPhone.Deploy.0 = Ad-Hoc|iPhone
		{537C4A5E-FE33-44D2-B4A4-19EC25E902CE}.Ad-Hoc|iPhoneSimulator.ActiveCfg = Ad-Hoc|iPhoneSimulator
		{537C4A5E-FE33-44D2-B4A4-19EC25E902CE}.Ad-Hoc|iPhoneSimulator.Build.0 = Ad-Hoc|iPhoneSimulator
		{537C4A5E-FE33-44D2-B4A4-19EC25E902CE}.Ad-Hoc|iPhoneSimulator.Deploy.0 = Ad-Hoc|iPhoneSimulator
		{537C4A5E-FE33-44D2-B4A4-19EC25E902CE}.AppStore|Any CPU.ActiveCfg = AppStore|iPhone
		{537C4A5E-FE33-44D2-B4A4-19EC25E902CE}.AppStore|Any CPU.Build.0 = AppStore|iPhone
		{537C4A5E-FE33-44D2-B4A4-19EC25E902CE}.AppStore|Any CPU.Deploy.0 = AppStore|iPhone
		{537C4A5E-FE33-44D2-B4A4-19EC25E902CE}.AppStore|iPhone.ActiveCfg = AppStore|iPhone
		{537C4A5E-FE33-44D2-B4A4-19EC25E902CE}.AppStore|iPhone.Build.0 = AppStore|iPhone
		{537C4A5E-FE33-44D2-B4A4-19EC25E902CE}.AppStore|iPhone.Deploy.0 = AppStore|iPhone
		{537C4A5E-FE33-44D2-B4A4-19EC25E902CE}.AppStore|iPhoneSimulator.ActiveCfg = AppStore|iPhoneSimulator
		{537C4A5E-FE33-44D2-B4A4-19EC25E902CE}.AppStore|iPhoneSimulator.Build.0 = AppStore|iPhoneSimulator
		{537C4A5E-FE33-44D2-B4A4-19EC25E902CE}.AppStore|iPhoneSimulator.Deploy.0 = AppStore|iPhoneSimulator
		{537C4A5E-FE33-44D2-B4A4-19EC25E902CE}.Debug|Any CPU.ActiveCfg = Debug|iPhoneSimulator
		{537C4A5E-FE33-44D2-B4A4-19EC25E902CE}.Debug|Any CPU.Build.0 = Debug|iPhoneSimulator
		{537C4A5E-FE33-44D2-B4A4-19EC25E902CE}.Debug|Any CPU.Deploy.0 = Debug|iPhoneSimulator
		{537C4A5E-FE33-44D2-B4A4-19EC25E902CE}.Debug|iPhone.ActiveCfg = Debug|iPhone
		{537C4A5E-FE33-44D2-B4A4-19EC25E902CE}.Debug|iPhone.Build.0 = Debug|iPhone
		{537C4A5E-FE33-44D2-B4A4-19EC25E902CE}.Debug|iPhone.Deploy.0 = Debug|iPhone
		{537C4A5E-FE33-44D2-B4A4-19EC25E902CE}.Debug|iPhoneSimulator.ActiveCfg = Debug|iPhoneSimulator
		{537C4A5E-FE33-44D2-B4A4-19EC25E902CE}.Debug|iPhoneSimulator.Build.0 = Debug|iPhoneSimulator
		{537C4A5E-FE33-44D2-B4A4-19EC25E902CE}.Debug|iPhoneSimulator.Deploy.0 = Debug|iPhoneSimulator
		{537C4A5E-FE33-44D2-B4A4-19EC25E902CE}.Release|Any CPU.ActiveCfg = Release|iPhone
		{537C4A5E-FE33-44D2-B4A4-19EC25E902CE}.Release|Any CPU.Build.0 = Release|iPhone
		{537C4A5E-FE33-44D2-B4A4-19EC25E902CE}.Release|Any CPU.Deploy.0 = Release|iPhone
		{537C4A5E-FE33-44D2-B4A4-19EC25E902CE}.Release|iPhone.ActiveCfg = Release|iPhone
		{537C4A5E-FE33-44D2-B4A4-19EC25E902CE}.Release|iPhone.Build.0 = Release|iPhone
		{537C4A5E-FE33-44D2-B4A4-19EC25E902CE}.Release|iPhone.Deploy.0 = Release|iPhone
		{537C4A5E-FE33-44D2-B4A4-19EC25E902CE}.Release|iPhoneSimulator.ActiveCfg = Release|iPhoneSimulator
		{537C4A5E-FE33-44D2-B4A4-19EC25E902CE}.Release|iPhoneSimulator.Build.0 = Release|iPhoneSimulator
		{537C4A5E-FE33-44D2-B4A4-19EC25E902CE}.Release|iPhoneSimulator.Deploy.0 = Release|iPhoneSimulator
		{08CDE9FA-EA00-4041-886B-AD9FDB6E45A1}.Ad-Hoc|Any CPU.ActiveCfg = Debug|Any CPU
		{08CDE9FA-EA00-4041-886B-AD9FDB6E45A1}.Ad-Hoc|Any CPU.Build.0 = Debug|Any CPU
		{08CDE9FA-EA00-4041-886B-AD9FDB6E45A1}.Ad-Hoc|Any CPU.Deploy.0 = Debug|Any CPU
		{08CDE9FA-EA00-4041-886B-AD9FDB6E45A1}.Ad-Hoc|iPhone.ActiveCfg = Debug|Any CPU
		{08CDE9FA-EA00-4041-886B-AD9FDB6E45A1}.Ad-Hoc|iPhone.Build.0 = Debug|Any CPU
		{08CDE9FA-EA00-4041-886B-AD9FDB6E45A1}.Ad-Hoc|iPhone.Deploy.0 = Debug|Any CPU
		{08CDE9FA-EA00-4041-886B-AD9FDB6E45A1}.Ad-Hoc|iPhoneSimulator.ActiveCfg = Debug|Any CPU
		{08CDE9FA-EA00-4041-886B-AD9FDB6E45A1}.Ad-Hoc|iPhoneSimulator.Build.0 = Debug|Any CPU
		{08CDE9FA-EA00-4041-886B-AD9FDB6E45A1}.Ad-Hoc|iPhoneSimulator.Deploy.0 = Debug|Any CPU
		{08CDE9FA-EA00-4041-886B-AD9FDB6E45A1}.AppStore|Any CPU.ActiveCfg = Debug|Any CPU
		{08CDE9FA-EA00-4041-886B-AD9FDB6E45A1}.AppStore|Any CPU.Build.0 = Debug|Any CPU
		{08CDE9FA-EA00-4041-886B-AD9FDB6E45A1}.AppStore|Any CPU.Deploy.0 = Debug|Any CPU
		{08CDE9FA-EA00-4041-886B-AD9FDB6E45A1}.AppStore|iPhone.ActiveCfg = Debug|Any CPU
		{08CDE9FA-EA00-4041-886B-AD9FDB6E45A1}.AppStore|iPhone.Build.0 = Debug|Any CPU
		{08CDE9FA-EA00-4041-886B-AD9FDB6E45A1}.AppStore|iPhone.Deploy.0 = Debug|Any CPU
		{08CDE9FA-EA00-4041-886B-AD9FDB6E45A1}.AppStore|iPhoneSimulator.ActiveCfg = Debug|Any CPU
		{08CDE9FA-EA00-4041-886B-AD9FDB6E45A1}.AppStore|iPhoneSimulator.Build.0 = Debug|Any CPU
		{08CDE9FA-EA00-4041-886B-AD9FDB6E45A1}.AppStore|iPhoneSimulator.Deploy.0 = Debug|Any CPU
		{08CDE9FA-EA00-4041-886B-AD9FDB6E45A1}.Debug|Any CPU.ActiveCfg = Debug|Any CPU
		{08CDE9FA-EA00-4041-886B-AD9FDB6E45A1}.Debug|Any CPU.Build.0 = Debug|Any CPU
		{08CDE9FA-EA00-4041-886B-AD9FDB6E45A1}.Debug|Any CPU.Deploy.0 = Debug|Any CPU
		{08CDE9FA-EA00-4041-886B-AD9FDB6E45A1}.Debug|iPhone.ActiveCfg = Debug|Any CPU
		{08CDE9FA-EA00-4041-886B-AD9FDB6E45A1}.Debug|iPhone.Build.0 = Debug|Any CPU
		{08CDE9FA-EA00-4041-886B-AD9FDB6E45A1}.Debug|iPhone.Deploy.0 = Debug|Any CPU
		{08CDE9FA-EA00-4041-886B-AD9FDB6E45A1}.Debug|iPhoneSimulator.ActiveCfg = Debug|Any CPU
		{08CDE9FA-EA00-4041-886B-AD9FDB6E45A1}.Debug|iPhoneSimulator.Build.0 = Debug|Any CPU
		{08CDE9FA-EA00-4041-886B-AD9FDB6E45A1}.Debug|iPhoneSimulator.Deploy.0 = Debug|Any CPU
		{08CDE9FA-EA00-4041-886B-AD9FDB6E45A1}.Release|Any CPU.ActiveCfg = Release|Any CPU
		{08CDE9FA-EA00-4041-886B-AD9FDB6E45A1}.Release|Any CPU.Build.0 = Release|Any CPU
		{08CDE9FA-EA00-4041-886B-AD9FDB6E45A1}.Release|Any CPU.Deploy.0 = Release|Any CPU
		{08CDE9FA-EA00-4041-886B-AD9FDB6E45A1}.Release|iPhone.ActiveCfg = Release|Any CPU
		{08CDE9FA-EA00-4041-886B-AD9FDB6E45A1}.Release|iPhone.Build.0 = Release|Any CPU
		{08CDE9FA-EA00-4041-886B-AD9FDB6E45A1}.Release|iPhone.Deploy.0 = Release|Any CPU
		{08CDE9FA-EA00-4041-886B-AD9FDB6E45A1}.Release|iPhoneSimulator.ActiveCfg = Release|Any CPU
		{08CDE9FA-EA00-4041-886B-AD9FDB6E45A1}.Release|iPhoneSimulator.Build.0 = Release|Any CPU
		{08CDE9FA-EA00-4041-886B-AD9FDB6E45A1}.Release|iPhoneSimulator.Deploy.0 = Release|Any CPU
	EndGlobalSection
	GlobalSection(SolutionProperties) = preSolution
		HideSolutionNode = FALSE
	EndGlobalSection
	GlobalSection(ExtensibilityGlobals) = postSolution
		SolutionGuid = {73FBE019-1726-4EA8-BAFD-2752ECAEB571}
	EndGlobalSection
EndGlobal
