
Microsoft Visual Studio Solution File, Format Version 12.00
# Visual Studio 15
VisualStudioVersion = 15.0.28307.705
MinimumVisualStudioVersion = 10.0.40219.1
Project("{FAE04EC0-301F-11D3-BF4B-00C04F79EFBC}") = "ArtPlantMall.Android", "ArtPlantMall\ArtPlantMall.Android\ArtPlantMall.Android.csproj", "{83C0DFA8-B5E5-48E1-AC61-459758F36DD5}"
EndProject
Project("{FAE04EC0-301F-11D3-BF4B-00C04F79EFBC}") = "ArtPlantMall.iOS", "ArtPlantMall\ArtPlantMall.iOS\ArtPlantMall.iOS.csproj", "{DB3ED3CD-D4F2-4D38-B92D-DA32C65E2FA3}"
EndProject
Project("{FAE04EC0-301F-11D3-BF4B-00C04F79EFBC}") = "ArtPlantMall", "ArtPlantMall\ArtPlantMall\ArtPlantMall.csproj", "{CF049097-0A71-4FCC-B3C7-622FD48E8471}"
EndProject
Global
	GlobalSection(SolutionConfigurationPlatforms) = preSolution
		Ad-Hoc|Any CPU = Ad-Hoc|Any CPU
		Ad-Hoc|iPhone = Ad-Hoc|iPhone
		Ad-Hoc|iPhoneSimulator = Ad-Hoc|iPhoneSimulator
		AppStore|Any CPU = AppStore|Any CPU
		AppStore|iPhone = AppStore|iPhone
		AppStore|iPhoneSimulator = AppStore|iPhoneSimulator
		Debug|Any CPU = Debug|Any CPU
		Debug|iPhone = Debug|iPhone
		Debug|iPhoneSimulator = Debug|iPhoneSimulator
		Release|Any CPU = Release|Any CPU
		Release|iPhone = Release|iPhone
		Release|iPhoneSimulator = Release|iPhoneSimulator
	EndGlobalSection
	GlobalSection(ProjectConfigurationPlatforms) = postSolution
		{83C0DFA8-B5E5-48E1-AC61-459758F36DD5}.Ad-Hoc|Any CPU.ActiveCfg = Release|Any CPU
		{83C0DFA8-B5E5-48E1-AC61-459758F36DD5}.Ad-Hoc|Any CPU.Build.0 = Release|Any CPU
		{83C0DFA8-B5E5-48E1-AC61-459758F36DD5}.Ad-Hoc|Any CPU.Deploy.0 = Release|Any CPU
		{83C0DFA8-B5E5-48E1-AC61-459758F36DD5}.Ad-Hoc|iPhone.ActiveCfg = Release|Any CPU
		{83C0DFA8-B5E5-48E1-AC61-459758F36DD5}.Ad-Hoc|iPhone.Build.0 = Release|Any CPU
		{83C0DFA8-B5E5-48E1-AC61-459758F36DD5}.Ad-Hoc|iPhone.Deploy.0 = Release|Any CPU
		{83C0DFA8-B5E5-48E1-AC61-459758F36DD5}.Ad-Hoc|iPhoneSimulator.ActiveCfg = Release|Any CPU
		{83C0DFA8-B5E5-48E1-AC61-459758F36DD5}.Ad-Hoc|iPhoneSimulator.Build.0 = Release|Any CPU
		{83C0DFA8-B5E5-48E1-AC61-459758F36DD5}.Ad-Hoc|iPhoneSimulator.Deploy.0 = Release|Any CPU
		{83C0DFA8-B5E5-48E1-AC61-459758F36DD5}.AppStore|Any CPU.ActiveCfg = Release|Any CPU
		{83C0DFA8-B5E5-48E1-AC61-459758F36DD5}.AppStore|Any CPU.Build.0 = Release|Any CPU
		{83C0DFA8-B5E5-48E1-AC61-459758F36DD5}.AppStore|Any CPU.Deploy.0 = Release|Any CPU
		{83C0DFA8-B5E5-48E1-AC61-459758F36DD5}.AppStore|iPhone.ActiveCfg = Release|Any CPU
		{83C0DFA8-B5E5-48E1-AC61-459758F36DD5}.AppStore|iPhone.Build.0 = Release|Any CPU
		{83C0DFA8-B5E5-48E1-AC61-459758F36DD5}.AppStore|iPhone.Deploy.0 = Release|Any CPU
		{83C0DFA8-B5E5-48E1-AC61-459758F36DD5}.AppStore|iPhoneSimulator.ActiveCfg = Release|Any CPU
		{83C0DFA8-B5E5-48E1-AC61-459758F36DD5}.AppStore|iPhoneSimulator.Build.0 = Release|Any CPU
		{83C0DFA8-B5E5-48E1-AC61-459758F36DD5}.AppStore|iPhoneSimulator.Deploy.0 = Release|Any CPU
		{83C0DFA8-B5E5-48E1-AC61-459758F36DD5}.Debug|Any CPU.ActiveCfg = Debug|Any CPU
		{83C0DFA8-B5E5-48E1-AC61-459758F36DD5}.Debug|Any CPU.Build.0 = Debug|Any CPU
		{83C0DFA8-B5E5-48E1-AC61-459758F36DD5}.Debug|Any CPU.Deploy.0 = Debug|Any CPU
		{83C0DFA8-B5E5-48E1-AC61-459758F36DD5}.Debug|iPhone.ActiveCfg = Debug|Any CPU
		{83C0DFA8-B5E5-48E1-AC61-459758F36DD5}.Debug|iPhone.Build.0 = Debug|Any CPU
		{83C0DFA8-B5E5-48E1-AC61-459758F36DD5}.Debug|iPhone.Deploy.0 = Debug|Any CPU
		{83C0DFA8-B5E5-48E1-AC61-459758F36DD5}.Debug|iPhoneSimulator.ActiveCfg = Debug|Any CPU
		{83C0DFA8-B5E5-48E1-AC61-459758F36DD5}.Debug|iPhoneSimulator.Build.0 = Debug|Any CPU
		{83C0DFA8-B5E5-48E1-AC61-459758F36DD5}.Debug|iPhoneSimulator.Deploy.0 = Debug|Any CPU
		{83C0DFA8-B5E5-48E1-AC61-459758F36DD5}.Release|Any CPU.ActiveCfg = Release|Any CPU
		{83C0DFA8-B5E5-48E1-AC61-459758F36DD5}.Release|Any CPU.Build.0 = Release|Any CPU
		{83C0DFA8-B5E5-48E1-AC61-459758F36DD5}.Release|Any CPU.Deploy.0 = Release|Any CPU
		{83C0DFA8-B5E5-48E1-AC61-459758F36DD5}.Release|iPhone.ActiveCfg = Release|Any CPU
		{83C0DFA8-B5E5-48E1-AC61-459758F36DD5}.Release|iPhone.Build.0 = Release|Any CPU
		{83C0DFA8-B5E5-48E1-AC61-459758F36DD5}.Release|iPhone.Deploy.0 = Release|Any CPU
		{83C0DFA8-B5E5-48E1-AC61-459758F36DD5}.Release|iPhoneSimulator.ActiveCfg = Release|Any CPU
		{83C0DFA8-B5E5-48E1-AC61-459758F36DD5}.Release|iPhoneSimulator.Build.0 = Release|Any CPU
		{83C0DFA8-B5E5-48E1-AC61-459758F36DD5}.Release|iPhoneSimulator.Deploy.0 = Release|Any CPU
		{DB3ED3CD-D4F2-4D38-B92D-DA32C65E2FA3}.Ad-Hoc|Any CPU.ActiveCfg = Ad-Hoc|iPhone
		{DB3ED3CD-D4F2-4D38-B92D-DA32C65E2FA3}.Ad-Hoc|Any CPU.Build.0 = Ad-Hoc|iPhone
		{DB3ED3CD-D4F2-4D38-B92D-DA32C65E2FA3}.Ad-Hoc|Any CPU.Deploy.0 = Ad-Hoc|iPhone
		{DB3ED3CD-D4F2-4D38-B92D-DA32C65E2FA3}.Ad-Hoc|iPhone.ActiveCfg = Ad-Hoc|iPhone
		{DB3ED3CD-D4F2-4D38-B92D-DA32C65E2FA3}.Ad-Hoc|iPhone.Build.0 = Ad-Hoc|iPhone
		{DB3ED3CD-D4F2-4D38-B92D-DA32C65E2FA3}.Ad-Hoc|iPhone.Deploy.0 = Ad-Hoc|iPhone
		{DB3ED3CD-D4F2-4D38-B92D-DA32C65E2FA3}.Ad-Hoc|iPhoneSimulator.ActiveCfg = Ad-Hoc|iPhoneSimulator
		{DB3ED3CD-D4F2-4D38-B92D-DA32C65E2FA3}.Ad-Hoc|iPhoneSimulator.Build.0 = Ad-Hoc|iPhoneSimulator
		{DB3ED3CD-D4F2-4D38-B92D-DA32C65E2FA3}.Ad-Hoc|iPhoneSimulator.Deploy.0 = Ad-Hoc|iPhoneSimulator
		{DB3ED3CD-D4F2-4D38-B92D-DA32C65E2FA3}.AppStore|Any CPU.ActiveCfg = AppStore|iPhone
		{DB3ED3CD-D4F2-4D38-B92D-DA32C65E2FA3}.AppStore|Any CPU.Build.0 = AppStore|iPhone
		{DB3ED3CD-D4F2-4D38-B92D-DA32C65E2FA3}.AppStore|Any CPU.Deploy.0 = AppStore|iPhone
		{DB3ED3CD-D4F2-4D38-B92D-DA32C65E2FA3}.AppStore|iPhone.ActiveCfg = AppStore|iPhone
		{DB3ED3CD-D4F2-4D38-B92D-DA32C65E2FA3}.AppStore|iPhone.Build.0 = AppStore|iPhone
		{DB3ED3CD-D4F2-4D38-B92D-DA32C65E2FA3}.AppStore|iPhone.Deploy.0 = AppStore|iPhone
		{DB3ED3CD-D4F2-4D38-B92D-DA32C65E2FA3}.AppStore|iPhoneSimulator.ActiveCfg = AppStore|iPhoneSimulator
		{DB3ED3CD-D4F2-4D38-B92D-DA32C65E2FA3}.AppStore|iPhoneSimulator.Build.0 = AppStore|iPhoneSimulator
		{DB3ED3CD-D4F2-4D38-B92D-DA32C65E2FA3}.AppStore|iPhoneSimulator.Deploy.0 = AppStore|iPhoneSimulator
		{DB3ED3CD-D4F2-4D38-B92D-DA32C65E2FA3}.Debug|Any CPU.ActiveCfg = Debug|iPhoneSimulator
		{DB3ED3CD-D4F2-4D38-B92D-DA32C65E2FA3}.Debug|Any CPU.Build.0 = Debug|iPhoneSimulator
		{DB3ED3CD-D4F2-4D38-B92D-DA32C65E2FA3}.Debug|Any CPU.Deploy.0 = Debug|iPhoneSimulator
		{DB3ED3CD-D4F2-4D38-B92D-DA32C65E2FA3}.Debug|iPhone.ActiveCfg = Debug|iPhone
		{DB3ED3CD-D4F2-4D38-B92D-DA32C65E2FA3}.Debug|iPhone.Build.0 = Debug|iPhone
		{DB3ED3CD-D4F2-4D38-B92D-DA32C65E2FA3}.Debug|iPhone.Deploy.0 = Debug|iPhone
		{DB3ED3CD-D4F2-4D38-B92D-DA32C65E2FA3}.Debug|iPhoneSimulator.ActiveCfg = Debug|iPhoneSimulator
		{DB3ED3CD-D4F2-4D38-B92D-DA32C65E2FA3}.Debug|iPhoneSimulator.Build.0 = Debug|iPhoneSimulator
		{DB3ED3CD-D4F2-4D38-B92D-DA32C65E2FA3}.Debug|iPhoneSimulator.Deploy.0 = Debug|iPhoneSimulator
		{DB3ED3CD-D4F2-4D38-B92D-DA32C65E2FA3}.Release|Any CPU.ActiveCfg = Release|iPhone
		{DB3ED3CD-D4F2-4D38-B92D-DA32C65E2FA3}.Release|Any CPU.Build.0 = Release|iPhone
		{DB3ED3CD-D4F2-4D38-B92D-DA32C65E2FA3}.Release|Any CPU.Deploy.0 = Release|iPhone
		{DB3ED3CD-D4F2-4D38-B92D-DA32C65E2FA3}.Release|iPhone.ActiveCfg = Release|iPhone
		{DB3ED3CD-D4F2-4D38-B92D-DA32C65E2FA3}.Release|iPhone.Build.0 = Release|iPhone
		{DB3ED3CD-D4F2-4D38-B92D-DA32C65E2FA3}.Release|iPhone.Deploy.0 = Release|iPhone
		{DB3ED3CD-D4F2-4D38-B92D-DA32C65E2FA3}.Release|iPhoneSimulator.ActiveCfg = Release|iPhoneSimulator
		{DB3ED3CD-D4F2-4D38-B92D-DA32C65E2FA3}.Release|iPhoneSimulator.Build.0 = Release|iPhoneSimulator
		{DB3ED3CD-D4F2-4D38-B92D-DA32C65E2FA3}.Release|iPhoneSimulator.Deploy.0 = Release|iPhoneSimulator
		{CF049097-0A71-4FCC-B3C7-622FD48E8471}.Ad-Hoc|Any CPU.ActiveCfg = Debug|Any CPU
		{CF049097-0A71-4FCC-B3C7-622FD48E8471}.Ad-Hoc|Any CPU.Build.0 = Debug|Any CPU
		{CF049097-0A71-4FCC-B3C7-622FD48E8471}.Ad-Hoc|Any CPU.Deploy.0 = Debug|Any CPU
		{CF049097-0A71-4FCC-B3C7-622FD48E8471}.Ad-Hoc|iPhone.ActiveCfg = Debug|Any CPU
		{CF049097-0A71-4FCC-B3C7-622FD48E8471}.Ad-Hoc|iPhone.Build.0 = Debug|Any CPU
		{CF049097-0A71-4FCC-B3C7-622FD48E8471}.Ad-Hoc|iPhone.Deploy.0 = Debug|Any CPU
		{CF049097-0A71-4FCC-B3C7-622FD48E8471}.Ad-Hoc|iPhoneSimulator.ActiveCfg = Debug|Any CPU
		{CF049097-0A71-4FCC-B3C7-622FD48E8471}.Ad-Hoc|iPhoneSimulator.Build.0 = Debug|Any CPU
		{CF049097-0A71-4FCC-B3C7-622FD48E8471}.Ad-Hoc|iPhoneSimulator.Deploy.0 = Debug|Any CPU
		{CF049097-0A71-4FCC-B3C7-622FD48E8471}.AppStore|Any CPU.ActiveCfg = Debug|Any CPU
		{CF049097-0A71-4FCC-B3C7-622FD48E8471}.AppStore|Any CPU.Build.0 = Debug|Any CPU
		{CF049097-0A71-4FCC-B3C7-622FD48E8471}.AppStore|Any CPU.Deploy.0 = Debug|Any CPU
		{CF049097-0A71-4FCC-B3C7-622FD48E8471}.AppStore|iPhone.ActiveCfg = Debug|Any CPU
		{CF049097-0A71-4FCC-B3C7-622FD48E8471}.AppStore|iPhone.Build.0 = Debug|Any CPU
		{CF049097-0A71-4FCC-B3C7-622FD48E8471}.AppStore|iPhone.Deploy.0 = Debug|Any CPU
		{CF049097-0A71-4FCC-B3C7-622FD48E8471}.AppStore|iPhoneSimulator.ActiveCfg = Debug|Any CPU
		{CF049097-0A71-4FCC-B3C7-622FD48E8471}.AppStore|iPhoneSimulator.Build.0 = Debug|Any CPU
		{CF049097-0A71-4FCC-B3C7-622FD48E8471}.AppStore|iPhoneSimulator.Deploy.0 = Debug|Any CPU
		{CF049097-0A71-4FCC-B3C7-622FD48E8471}.Debug|Any CPU.ActiveCfg = Debug|Any CPU
		{CF049097-0A71-4FCC-B3C7-622FD48E8471}.Debug|Any CPU.Build.0 = Debug|Any CPU
		{CF049097-0A71-4FCC-B3C7-622FD48E8471}.Debug|Any CPU.Deploy.0 = Debug|Any CPU
		{CF049097-0A71-4FCC-B3C7-622FD48E8471}.Debug|iPhone.ActiveCfg = Debug|Any CPU
		{CF049097-0A71-4FCC-B3C7-622FD48E8471}.Debug|iPhone.Build.0 = Debug|Any CPU
		{CF049097-0A71-4FCC-B3C7-622FD48E8471}.Debug|iPhone.Deploy.0 = Debug|Any CPU
		{CF049097-0A71-4FCC-B3C7-622FD48E8471}.Debug|iPhoneSimulator.ActiveCfg = Debug|Any CPU
		{CF049097-0A71-4FCC-B3C7-622FD48E8471}.Debug|iPhoneSimulator.Build.0 = Debug|Any CPU
		{CF049097-0A71-4FCC-B3C7-622FD48E8471}.Debug|iPhoneSimulator.Deploy.0 = Debug|Any CPU
		{CF049097-0A71-4FCC-B3C7-622FD48E8471}.Release|Any CPU.ActiveCfg = Release|Any CPU
		{CF049097-0A71-4FCC-B3C7-622FD48E8471}.Release|Any CPU.Build.0 = Release|Any CPU
		{CF049097-0A71-4FCC-B3C7-622FD48E8471}.Release|Any CPU.Deploy.0 = Release|Any CPU
		{CF049097-0A71-4FCC-B3C7-622FD48E8471}.Release|iPhone.ActiveCfg = Release|Any CPU
		{CF049097-0A71-4FCC-B3C7-622FD48E8471}.Release|iPhone.Build.0 = Release|Any CPU
		{CF049097-0A71-4FCC-B3C7-622FD48E8471}.Release|iPhone.Deploy.0 = Release|Any CPU
		{CF049097-0A71-4FCC-B3C7-622FD48E8471}.Release|iPhoneSimulator.ActiveCfg = Release|Any CPU
		{CF049097-0A71-4FCC-B3C7-622FD48E8471}.Release|iPhoneSimulator.Build.0 = Release|Any CPU
		{CF049097-0A71-4FCC-B3C7-622FD48E8471}.Release|iPhoneSimulator.Deploy.0 = Release|Any CPU
	EndGlobalSection
	GlobalSection(SolutionProperties) = preSolution
		HideSolutionNode = FALSE
	EndGlobalSection
	GlobalSection(ExtensibilityGlobals) = postSolution
		SolutionGuid = {C136CE07-DA18-4F15-9B01-3A017C9C6186}
	EndGlobalSection
EndGlobal
